
Microsoft Visual Studio Solution File, Format Version 12.00
# Visual Studio 15
VisualStudioVersion = 15.0.28010.2026
MinimumVisualStudioVersion = 10.0.40219.1
Project("{FAE04EC0-301F-11D3-BF4B-00C04F79EFBC}") = "AzureDevops", "AzureDevops\AzureDevops.csproj", "{FF9A77AF-CDD5-4A7D-81E8-AE051334DE2C}"
EndProject
Global
	GlobalSection(SolutionConfigurationPlatforms) = preSolution
		Debug|Any CPU = Debug|Any CPU
		Release|Any CPU = Release|Any CPU
	EndGlobalSection
	GlobalSection(ProjectConfigurationPlatforms) = postSolution
		{FF9A77AF-CDD5-4A7D-81E8-AE051334DE2C}.Debug|Any CPU.ActiveCfg = Debug|Any CPU
		{FF9A77AF-CDD5-4A7D-81E8-AE051334DE2C}.Debug|Any CPU.Build.0 = Debug|Any CPU
		{FF9A77AF-CDD5-4A7D-81E8-AE051334DE2C}.Release|Any CPU.ActiveCfg = Release|Any CPU
		{FF9A77AF-CDD5-4A7D-81E8-AE051334DE2C}.Release|Any CPU.Build.0 = Release|Any CPU
	EndGlobalSection
	GlobalSection(SolutionProperties) = preSolution
		HideSolutionNode = FALSE
	EndGlobalSection
	GlobalSection(ExtensibilityGlobals) = postSolution
		SolutionGuid = {54E7C165-2350-4002-B949-75FDDC0F35EC}
	EndGlobalSection
EndGlobal
